
Microsoft Visual Studio Solution File, Format Version 12.00
# Visual Studio Version 16
VisualStudioVersion = 16.0.32929.386
MinimumVisualStudioVersion = 10.0.40219.1
Project("{FAE04EC0-301F-11D3-BF4B-00C04F79EFBC}") = "appEntretien21_02", "appEntretien21_02\appEntretien21_02.csproj", "{DE044B86-F890-4EAD-8A35-B1F1C2C8651C}"
EndProject
Project("{FAE04EC0-301F-11D3-BF4B-00C04F79EFBC}") = "TestProjectFunctionCalcul", "TestProjectFunctionCalcul\TestProjectFunctionCalcul.csproj", "{8F65DCC1-6E01-47CB-AA25-D2651EC4711A}"
EndProject
Global
	GlobalSection(SolutionConfigurationPlatforms) = preSolution
		Debug|Any CPU = Debug|Any CPU
		Release|Any CPU = Release|Any CPU
	EndGlobalSection
	GlobalSection(ProjectConfigurationPlatforms) = postSolution
		{DE044B86-F890-4EAD-8A35-B1F1C2C8651C}.Debug|Any CPU.ActiveCfg = Debug|Any CPU
		{DE044B86-F890-4EAD-8A35-B1F1C2C8651C}.Debug|Any CPU.Build.0 = Debug|Any CPU
		{DE044B86-F890-4EAD-8A35-B1F1C2C8651C}.Release|Any CPU.ActiveCfg = Release|Any CPU
		{DE044B86-F890-4EAD-8A35-B1F1C2C8651C}.Release|Any CPU.Build.0 = Release|Any CPU
		{8F65DCC1-6E01-47CB-AA25-D2651EC4711A}.Debug|Any CPU.ActiveCfg = Debug|Any CPU
		{8F65DCC1-6E01-47CB-AA25-D2651EC4711A}.Debug|Any CPU.Build.0 = Debug|Any CPU
		{8F65DCC1-6E01-47CB-AA25-D2651EC4711A}.Release|Any CPU.ActiveCfg = Release|Any CPU
		{8F65DCC1-6E01-47CB-AA25-D2651EC4711A}.Release|Any CPU.Build.0 = Release|Any CPU
	EndGlobalSection
	GlobalSection(SolutionProperties) = preSolution
		HideSolutionNode = FALSE
	EndGlobalSection
	GlobalSection(ExtensibilityGlobals) = postSolution
		SolutionGuid = {4C8325C2-F5B0-4EA6-8E00-A1B7A4FE59D5}
	EndGlobalSection
EndGlobal
